
Microsoft Visual Studio Solution File, Format Version 10.00
# Visual C++ Express 2008
Project("{8BC9CEB8-8B4A-11D0-8D11-00A0C91BC942}") = "KVARCO", "KVARCO\KVARCO.vcproj", "{E2847E5B-CE9A-49DF-86C5-B3C2BBFC2FA5}"
	ProjectSection(ProjectDependencies) = postProject
		{68590069-97DE-4287-BFDF-053C7A788F8D} = {68590069-97DE-4287-BFDF-053C7A788F8D}
	EndProjectSection
EndProject
Project("{8BC9CEB8-8B4A-11D0-8D11-00A0C91BC942}") = "GamesCryptedZip", "GamesCryptedZip\GamesCryptedZip.vcproj", "{8E7A0F71-4688-4347-B041-829F7193CB3E}"
EndProject
Project("{8BC9CEB8-8B4A-11D0-8D11-00A0C91BC942}") = "xtallib", "..\..\..\..\..\Librarys\Xtal\vc9\xtallib\xtallib.vcproj", "{68590069-97DE-4287-BFDF-053C7A788F8D}"
EndProject
Global
	GlobalSection(SolutionConfigurationPlatforms) = preSolution
		Debug|Win32 = Debug|Win32
		Release|Win32 = Release|Win32
	EndGlobalSection
	GlobalSection(ProjectConfigurationPlatforms) = postSolution
		{E2847E5B-CE9A-49DF-86C5-B3C2BBFC2FA5}.Debug|Win32.ActiveCfg = Debug|Win32
		{E2847E5B-CE9A-49DF-86C5-B3C2BBFC2FA5}.Debug|Win32.Build.0 = Debug|Win32
		{E2847E5B-CE9A-49DF-86C5-B3C2BBFC2FA5}.Release|Win32.ActiveCfg = Release|Win32
		{E2847E5B-CE9A-49DF-86C5-B3C2BBFC2FA5}.Release|Win32.Build.0 = Release|Win32
		{8E7A0F71-4688-4347-B041-829F7193CB3E}.Debug|Win32.ActiveCfg = Debug|Win32
		{8E7A0F71-4688-4347-B041-829F7193CB3E}.Debug|Win32.Build.0 = Debug|Win32
		{8E7A0F71-4688-4347-B041-829F7193CB3E}.Release|Win32.ActiveCfg = Release|Win32
		{8E7A0F71-4688-4347-B041-829F7193CB3E}.Release|Win32.Build.0 = Release|Win32
		{68590069-97DE-4287-BFDF-053C7A788F8D}.Debug|Win32.ActiveCfg = Debug|Win32
		{68590069-97DE-4287-BFDF-053C7A788F8D}.Debug|Win32.Build.0 = Debug|Win32
		{68590069-97DE-4287-BFDF-053C7A788F8D}.Release|Win32.ActiveCfg = Release|Win32
		{68590069-97DE-4287-BFDF-053C7A788F8D}.Release|Win32.Build.0 = Release|Win32
	EndGlobalSection
	GlobalSection(SolutionProperties) = preSolution
		HideSolutionNode = FALSE
	EndGlobalSection
EndGlobal
