<?xml version="1.0" encoding="utf-8"?>
<Project ToolsVersion="4.0" xmlns="http://schemas.microsoft.com/developer/msbuild/2003">
  <ItemGroup>
    <Filter Include="Test">
      <UniqueIdentifier>{0942df5c-13b0-4ccf-80ae-02624f226f7c}</UniqueIdentifier>
    </Filter>
    <Filter Include="DecryptedZip">
      <UniqueIdentifier>{11832747-d6fc-4bf6-8b9a-48c4fbd5967e}</UniqueIdentifier>
    </Filter>
    <Filter Include="EncryptedZip">
      <UniqueIdentifier>{e6bd2350-d963-47de-90b7-7ed68d659caa}</UniqueIdentifier>
    </Filter>
    <Filter Include="misc">
      <UniqueIdentifier>{c2e9e54c-3a77-406a-9c10-85fc2e1132d3}</UniqueIdentifier>
    </Filter>
  </ItemGroup>
  <ItemGroup>
    <ClCompile Include="..\..\src\CryptedZip\DecryptedZip.cpp">
      <Filter>DecryptedZip</Filter>
    </ClCompile>
    <ClCompile Include="..\..\src\CryptedZip\EncryptedZip.cpp">
      <Filter>EncryptedZip</Filter>
    </ClCompile>
    <ClCompile Include="..\..\src\CryptedZip\detail.cpp">
      <Filter>misc</Filter>
    </ClCompile>
    <ClCompile Include="..\..\src\CryptedZip\main.cpp">
      <Filter>Test</Filter>
    </ClCompile>
  </ItemGroup>
  <ItemGroup>
    <ClInclude Include="..\..\src\CryptedZip\config.h" />
    <ClInclude Include="..\..\src\CryptedZip\DecryptedZip.h">
      <Filter>DecryptedZip</Filter>
    </ClInclude>
    <ClInclude Include="..\..\src\CryptedZip\EncryptedZip.h">
      <Filter>EncryptedZip</Filter>
    </ClInclude>
    <ClInclude Include="..\..\src\CryptedZip\Header.h">
      <Filter>misc</Filter>
    </ClInclude>
    <ClInclude Include="..\..\src\CryptedZip\detail.h">
      <Filter>misc</Filter>
    </ClInclude>
    <ClInclude Include="..\..\src\CryptedZip\CryptingFilter.h">
      <Filter>misc</Filter>
    </ClInclude>
    <ClInclude Include="..\..\src\CryptedZip\Arcfour.h">
      <Filter>misc</Filter>
    </ClInclude>
    <ClInclude Include="..\..\src\CryptedZip\Logger.h">
      <Filter>misc</Filter>
    </ClInclude>
  </ItemGroup>
</Project>